
Microsoft Visual Studio Solution File, Format Version 11.00
# Visual Studio 2010
Project("{FAE04EC0-301F-11D3-BF4B-00C04F79EFBC}") = "Assembly-CSharp", "Assembly-CSharp.csproj", "{a2ee710b-864d-8e6b-b421-d1c0dc8164c6}"
EndProject
Project("{FAE04EC0-301F-11D3-BF4B-00C04F79EFBC}") = "Assembly-CSharp-Editor", "Assembly-CSharp-Editor.csproj", "{23485b49-d051-1ee6-bd80-d997aa149360}"
EndProject
Global
	GlobalSection(SolutionConfigurationPlatforms) = preSolution
		Debug|Any CPU = Debug|Any CPU
	EndGlobalSection
	GlobalSection(ProjectConfigurationPlatforms) = postSolution
		{a2ee710b-864d-8e6b-b421-d1c0dc8164c6}.Debug|Any CPU.ActiveCfg = Debug|Any CPU
		{a2ee710b-864d-8e6b-b421-d1c0dc8164c6}.Debug|Any CPU.Build.0 = Debug|Any CPU
		{23485b49-d051-1ee6-bd80-d997aa149360}.Debug|Any CPU.ActiveCfg = Debug|Any CPU
		{23485b49-d051-1ee6-bd80-d997aa149360}.Debug|Any CPU.Build.0 = Debug|Any CPU
	EndGlobalSection
	GlobalSection(SolutionProperties) = preSolution
		HideSolutionNode = FALSE
	EndGlobalSection
EndGlobal
